
Microsoft Visual Studio Solution File, Format Version 12.00
# Visual Studio Version 17
VisualStudioVersion = 17.4.33205.214
MinimumVisualStudioVersion = 10.0.40219.1
Project("{FAE04EC0-301F-11D3-BF4B-00C04F79EFBC}") = "RestorantAPI", "RestorantAPI\RestorantAPI.csproj", "{A182D928-297D-4A0E-8674-F4194B1B4C4F}"
EndProject
Global
	GlobalSection(SolutionConfigurationPlatforms) = preSolution
		Debug|Any CPU = Debug|Any CPU
		Release|Any CPU = Release|Any CPU
	EndGlobalSection
	GlobalSection(ProjectConfigurationPlatforms) = postSolution
		{A182D928-297D-4A0E-8674-F4194B1B4C4F}.Debug|Any CPU.ActiveCfg = Debug|Any CPU
		{A182D928-297D-4A0E-8674-F4194B1B4C4F}.Debug|Any CPU.Build.0 = Debug|Any CPU
		{A182D928-297D-4A0E-8674-F4194B1B4C4F}.Release|Any CPU.ActiveCfg = Release|Any CPU
		{A182D928-297D-4A0E-8674-F4194B1B4C4F}.Release|Any CPU.Build.0 = Release|Any CPU
	EndGlobalSection
	GlobalSection(SolutionProperties) = preSolution
		HideSolutionNode = FALSE
	EndGlobalSection
	GlobalSection(ExtensibilityGlobals) = postSolution
		SolutionGuid = {11804C53-A3BE-4C2F-956C-F213952271D0}
	EndGlobalSection
EndGlobal
